
Microsoft Visual Studio Solution File, Format Version 12.00
# Visual Studio Version 17
VisualStudioVersion = 17.11.35219.272
MinimumVisualStudioVersion = 10.0.40219.1
Project("{FAE04EC0-301F-11D3-BF4B-00C04F79EFBC}") = "BlazorUI", "BlazorUI\BlazorUI\BlazorUI.csproj", "{ADAD2271-7AA4-4295-9806-3EC101F6BE7F}"
EndProject
Project("{FAE04EC0-301F-11D3-BF4B-00C04F79EFBC}") = "BlazorUI.Client", "BlazorUI\BlazorUI.Client\BlazorUI.Client.csproj", "{AE73FD92-610B-4E58-9114-248B96058A0D}"
EndProject
Project("{FAE04EC0-301F-11D3-BF4B-00C04F79EFBC}") = "HFTLibrary", "HFTLibrary\HFTLibrary.csproj", "{903AFCFA-6A37-459C-A66B-015663AB0AEE}"
EndProject
Global
	GlobalSection(SolutionConfigurationPlatforms) = preSolution
		Debug|Any CPU = Debug|Any CPU
		Release|Any CPU = Release|Any CPU
	EndGlobalSection
	GlobalSection(ProjectConfigurationPlatforms) = postSolution
		{ADAD2271-7AA4-4295-9806-3EC101F6BE7F}.Debug|Any CPU.ActiveCfg = Debug|Any CPU
		{ADAD2271-7AA4-4295-9806-3EC101F6BE7F}.Debug|Any CPU.Build.0 = Debug|Any CPU
		{ADAD2271-7AA4-4295-9806-3EC101F6BE7F}.Release|Any CPU.ActiveCfg = Release|Any CPU
		{ADAD2271-7AA4-4295-9806-3EC101F6BE7F}.Release|Any CPU.Build.0 = Release|Any CPU
		{AE73FD92-610B-4E58-9114-248B96058A0D}.Debug|Any CPU.ActiveCfg = Debug|Any CPU
		{AE73FD92-610B-4E58-9114-248B96058A0D}.Debug|Any CPU.Build.0 = Debug|Any CPU
		{AE73FD92-610B-4E58-9114-248B96058A0D}.Release|Any CPU.ActiveCfg = Release|Any CPU
		{AE73FD92-610B-4E58-9114-248B96058A0D}.Release|Any CPU.Build.0 = Release|Any CPU
		{903AFCFA-6A37-459C-A66B-015663AB0AEE}.Debug|Any CPU.ActiveCfg = Debug|Any CPU
		{903AFCFA-6A37-459C-A66B-015663AB0AEE}.Debug|Any CPU.Build.0 = Debug|Any CPU
		{903AFCFA-6A37-459C-A66B-015663AB0AEE}.Release|Any CPU.ActiveCfg = Release|Any CPU
		{903AFCFA-6A37-459C-A66B-015663AB0AEE}.Release|Any CPU.Build.0 = Release|Any CPU
	EndGlobalSection
	GlobalSection(SolutionProperties) = preSolution
		HideSolutionNode = FALSE
	EndGlobalSection
	GlobalSection(ExtensibilityGlobals) = postSolution
		SolutionGuid = {7988A0E9-2BA0-444F-AA31-418D3DB2535C}
	EndGlobalSection
EndGlobal
